
Microsoft Visual Studio Solution File, Format Version 12.00
# Visual Studio Version 16
VisualStudioVersion = 16.0.28803.540
MinimumVisualStudioVersion = 10.0.40219.1
Project("{FAE04EC0-301F-11D3-BF4B-00C04F79EFBC}") = "Elections_POC", "Elections_POC\Elections_POC.csproj", "{EC40FDEA-2B3B-4C8D-AB95-19C11E576379}"
EndProject
Global
	GlobalSection(SolutionConfigurationPlatforms) = preSolution
		Debug|Any CPU = Debug|Any CPU
		Release|Any CPU = Release|Any CPU
	EndGlobalSection
	GlobalSection(ProjectConfigurationPlatforms) = postSolution
		{EC40FDEA-2B3B-4C8D-AB95-19C11E576379}.Debug|Any CPU.ActiveCfg = Debug|Any CPU
		{EC40FDEA-2B3B-4C8D-AB95-19C11E576379}.Debug|Any CPU.Build.0 = Debug|Any CPU
		{EC40FDEA-2B3B-4C8D-AB95-19C11E576379}.Release|Any CPU.ActiveCfg = Release|Any CPU
		{EC40FDEA-2B3B-4C8D-AB95-19C11E576379}.Release|Any CPU.Build.0 = Release|Any CPU
	EndGlobalSection
	GlobalSection(SolutionProperties) = preSolution
		HideSolutionNode = FALSE
	EndGlobalSection
	GlobalSection(ExtensibilityGlobals) = postSolution
		SolutionGuid = {E9F971E2-1417-41DC-9CF5-4E83784EA11E}
	EndGlobalSection
EndGlobal
